// !$*UTF8*$!
{
	archiveVersion = 1;
	classes = {
	};
	objectVersion = 46;
	objects = {

/* Begin PBXBuildFile section */
		BD6031A41B9355BE004EDF26 /* AppDelegate.swift in Sources */ = {isa = PBXBuildFile; fileRef = BD6031A31B9355BE004EDF26 /* AppDelegate.swift */; };
		BD6031A61B9355BE004EDF26 /* AllSessionsTableViewController.swift in Sources */ = {isa = PBXBuildFile; fileRef = BD6031A51B9355BE004EDF26 /* AllSessionsTableViewController.swift */; };
		BD6031A91B9355BE004EDF26 /* Main.storyboard in Resources */ = {isa = PBXBuildFile; fileRef = BD6031A71B9355BE004EDF26 /* Main.storyboard */; };
		BD6031AB1B9355BE004EDF26 /* Images.xcassets in Resources */ = {isa = PBXBuildFile; fileRef = BD6031AA1B9355BE004EDF26 /* Images.xcassets */; };
		BD6031AE1B9355BE004EDF26 /* LaunchScreen.xib in Resources */ = {isa = PBXBuildFile; fileRef = BD6031AC1B9355BE004EDF26 /* LaunchScreen.xib */; };
		BD6031BA1B9355BE004EDF26 /* Course_PlannerTests.swift in Sources */ = {isa = PBXBuildFile; fileRef = BD6031B91B9355BE004EDF26 /* Course_PlannerTests.swift */; };
		BD6031C61B938BC3004EDF26 /* Session.swift in Sources */ = {isa = PBXBuildFile; fileRef = BD6031C51B938BC3004EDF26 /* Session.swift */; };
		BD6031C81B938CC5004EDF26 /* Daramodel.swift in Sources */ = {isa = PBXBuildFile; fileRef = BD6031C71B938CC5004EDF26 /* Daramodel.swift */; };
		BD6909711B93AD2400512A6E /* Course.swift in Sources */ = {isa = PBXBuildFile; fileRef = BD6909701B93AD2400512A6E /* Course.swift */; };
		BD6909731B93B03100512A6E /* OneSessionTableViewController.swift in Sources */ = {isa = PBXBuildFile; fileRef = BD6909721B93B03100512A6E /* OneSessionTableViewController.swift */; };
		BD6909751B93B88300512A6E /* AddCourseTableViewController.swift in Sources */ = {isa = PBXBuildFile; fileRef = BD6909741B93B88300512A6E /* AddCourseTableViewController.swift */; };
		BD8BFAC71B95EB3200868B4A /* TimetableTableViewController.swift in Sources */ = {isa = PBXBuildFile; fileRef = BD8BFAC61B95EB3200868B4A /* TimetableTableViewController.swift */; };
		BD8BFAC81B95EB3200868B4A /* TimetableTableViewController.swift in Sources */ = {isa = PBXBuildFile; fileRef = BD8BFAC61B95EB3200868B4A /* TimetableTableViewController.swift */; };
		BDACAD8F1BA88BD100884BC5 /* HPxml.swift in Sources */ = {isa = PBXBuildFile; fileRef = BDACAD8E1BA88BD100884BC5 /* HPxml.swift */; };
		BDACAD901BA88BD100884BC5 /* HPxml.swift in Sources */ = {isa = PBXBuildFile; fileRef = BDACAD8E1BA88BD100884BC5 /* HPxml.swift */; };
		BDB1F5971B9393A5009EDA7C /* AddSessionTableViewController.swift in Sources */ = {isa = PBXBuildFile; fileRef = BDB1F5961B9393A5009EDA7C /* AddSessionTableViewController.swift */; };
		BDE005FF1B93E3AB0037DE8C /* OneCourseTableViewController.swift in Sources */ = {isa = PBXBuildFile; fileRef = BDE005FE1B93E3AB0037DE8C /* OneCourseTableViewController.swift */; };
		BDE006011B93EA0F0037DE8C /* Section.swift in Sources */ = {isa = PBXBuildFile; fileRef = BDE006001B93EA0F0037DE8C /* Section.swift */; };
		BDE006031B9450770037DE8C /* AddSectionTableViewController.swift in Sources */ = {isa = PBXBuildFile; fileRef = BDE006021B9450770037DE8C /* AddSectionTableViewController.swift */; };
		BDE006051B9456D00037DE8C /* OneSectionTableViewController.swift in Sources */ = {isa = PBXBuildFile; fileRef = BDE006041B9456D00037DE8C /* OneSectionTableViewController.swift */; };
		BDE006071B945F380037DE8C /* Period.swift in Sources */ = {isa = PBXBuildFile; fileRef = BDE006061B945F380037DE8C /* Period.swift */; };
		BDE006691B9487CF0037DE8C /* AddPeriodViewController.swift in Sources */ = {isa = PBXBuildFile; fileRef = BDE006681B9487CF0037DE8C /* AddPeriodViewController.swift */; };
		BDE0066A1B94895B0037DE8C /* AppDelegate.swift in Sources */ = {isa = PBXBuildFile; fileRef = BD6031A31B9355BE004EDF26 /* AppDelegate.swift */; };
		BDE0066B1B948AF90037DE8C /* AddPeriodViewController.swift in Sources */ = {isa = PBXBuildFile; fileRef = BDE006681B9487CF0037DE8C /* AddPeriodViewController.swift */; };
		BDE0066C1B948B830037DE8C /* Period.swift in Sources */ = {isa = PBXBuildFile; fileRef = BDE006061B945F380037DE8C /* Period.swift */; };
		BDE0066D1B948B860037DE8C /* OneSectionTableViewController.swift in Sources */ = {isa = PBXBuildFile; fileRef = BDE006041B9456D00037DE8C /* OneSectionTableViewController.swift */; };
		BDE0066E1B948B890037DE8C /* AddSectionTableViewController.swift in Sources */ = {isa = PBXBuildFile; fileRef = BDE006021B9450770037DE8C /* AddSectionTableViewController.swift */; };
		BDE0066F1B948B8C0037DE8C /* Section.swift in Sources */ = {isa = PBXBuildFile; fileRef = BDE006001B93EA0F0037DE8C /* Section.swift */; };
		BDE006701B948B8E0037DE8C /* OneCourseTableViewController.swift in Sources */ = {isa = PBXBuildFile; fileRef = BDE005FE1B93E3AB0037DE8C /* OneCourseTableViewController.swift */; };
		BDE006711B948B900037DE8C /* AddCourseTableViewController.swift in Sources */ = {isa = PBXBuildFile; fileRef = BD6909741B93B88300512A6E /* AddCourseTableViewController.swift */; };
		BDE006721B948B930037DE8C /* OneSessionTableViewController.swift in Sources */ = {isa = PBXBuildFile; fileRef = BD6909721B93B03100512A6E /* OneSessionTableViewController.swift */; };
		BDE006731B948B960037DE8C /* Course.swift in Sources */ = {isa = PBXBuildFile; fileRef = BD6909701B93AD2400512A6E /* Course.swift */; };
		BDE006741B948B980037DE8C /* Session.swift in Sources */ = {isa = PBXBuildFile; fileRef = BD6031C51B938BC3004EDF26 /* Session.swift */; };
		BDE006751B948B9B0037DE8C /* Daramodel.swift in Sources */ = {isa = PBXBuildFile; fileRef = BD6031C71B938CC5004EDF26 /* Daramodel.swift */; };
		BDE006761B948B9E0037DE8C /* AddSessionTableViewController.swift in Sources */ = {isa = PBXBuildFile; fileRef = BDB1F5961B9393A5009EDA7C /* AddSessionTableViewController.swift */; };
		BDE006771B948BA10037DE8C /* AllSessionsTableViewController.swift in Sources */ = {isa = PBXBuildFile; fileRef = BD6031A51B9355BE004EDF26 /* AllSessionsTableViewController.swift */; };
		BDE006791B94B13D0037DE8C /* timetable.swift in Sources */ = {isa = PBXBuildFile; fileRef = BDE006781B94B13D0037DE8C /* timetable.swift */; };
		BDE0067A1B94C5E70037DE8C /* timetable.swift in Sources */ = {isa = PBXBuildFile; fileRef = BDE006781B94B13D0037DE8C /* timetable.swift */; };
/* End PBXBuildFile section */

/* Begin PBXContainerItemProxy section */
		BD6031B41B9355BE004EDF26 /* PBXContainerItemProxy */ = {
			isa = PBXContainerItemProxy;
			containerPortal = BD6031961B9355BE004EDF26 /* Project object */;
			proxyType = 1;
			remoteGlobalIDString = BD60319D1B9355BE004EDF26;
			remoteInfo = "Course Planner";
		};
/* End PBXContainerItemProxy section */

/* Begin PBXFileReference section */
		BD60319E1B9355BE004EDF26 /* Course Planner.app */ = {isa = PBXFileReference; explicitFileType = wrapper.application; includeInIndex = 0; path = "Course Planner.app"; sourceTree = BUILT_PRODUCTS_DIR; };
		BD6031A21B9355BE004EDF26 /* Info.plist */ = {isa = PBXFileReference; lastKnownFileType = text.plist.xml; path = Info.plist; sourceTree = "<group>"; };
		BD6031A31B9355BE004EDF26 /* AppDelegate.swift */ = {isa = PBXFileReference; lastKnownFileType = sourcecode.swift; path = AppDelegate.swift; sourceTree = "<group>"; };
		BD6031A51B9355BE004EDF26 /* AllSessionsTableViewController.swift */ = {isa = PBXFileReference; lastKnownFileType = sourcecode.swift; path = AllSessionsTableViewController.swift; sourceTree = "<group>"; };
		BD6031A81B9355BE004EDF26 /* Base */ = {isa = PBXFileReference; lastKnownFileType = file.storyboard; name = Base; path = Base.lproj/Main.storyboard; sourceTree = "<group>"; };
		BD6031AA1B9355BE004EDF26 /* Images.xcassets */ = {isa = PBXFileReference; lastKnownFileType = folder.assetcatalog; path = Images.xcassets; sourceTree = "<group>"; };
		BD6031AD1B9355BE004EDF26 /* Base */ = {isa = PBXFileReference; lastKnownFileType = file.xib; name = Base; path = Base.lproj/LaunchScreen.xib; sourceTree = "<group>"; };
		BD6031B31B9355BE004EDF26 /* Course PlannerTests.xctest */ = {isa = PBXFileReference; explicitFileType = wrapper.cfbundle; includeInIndex = 0; path = "Course PlannerTests.xctest"; sourceTree = BUILT_PRODUCTS_DIR; };
		BD6031B81B9355BE004EDF26 /* Info.plist */ = {isa = PBXFileReference; lastKnownFileType = text.plist.xml; path = Info.plist; sourceTree = "<group>"; };
		BD6031B91B9355BE004EDF26 /* Course_PlannerTests.swift */ = {isa = PBXFileReference; lastKnownFileType = sourcecode.swift; path = Course_PlannerTests.swift; sourceTree = "<group>"; };
		BD6031C51B938BC3004EDF26 /* Session.swift */ = {isa = PBXFileReference; fileEncoding = 4; lastKnownFileType = sourcecode.swift; path = Session.swift; sourceTree = "<group>"; };
		BD6031C71B938CC5004EDF26 /* Daramodel.swift */ = {isa = PBXFileReference; fileEncoding = 4; lastKnownFileType = sourcecode.swift; path = Daramodel.swift; sourceTree = "<group>"; };
		BD6909701B93AD2400512A6E /* Course.swift */ = {isa = PBXFileReference; fileEncoding = 4; lastKnownFileType = sourcecode.swift; path = Course.swift; sourceTree = "<group>"; };
		BD6909721B93B03100512A6E /* OneSessionTableViewController.swift */ = {isa = PBXFileReference; fileEncoding = 4; lastKnownFileType = sourcecode.swift; path = OneSessionTableViewController.swift; sourceTree = "<group>"; };
		BD6909741B93B88300512A6E /* AddCourseTableViewController.swift */ = {isa = PBXFileReference; fileEncoding = 4; lastKnownFileType = sourcecode.swift; path = AddCourseTableViewController.swift; sourceTree = "<group>"; };
		BD8BFAC61B95EB3200868B4A /* TimetableTableViewController.swift */ = {isa = PBXFileReference; fileEncoding = 4; lastKnownFileType = sourcecode.swift; path = TimetableTableViewController.swift; sourceTree = "<group>"; };
		BDACAD8E1BA88BD100884BC5 /* HPxml.swift */ = {isa = PBXFileReference; fileEncoding = 4; lastKnownFileType = sourcecode.swift; path = HPxml.swift; sourceTree = "<group>"; };
		BDB1F5961B9393A5009EDA7C /* AddSessionTableViewController.swift */ = {isa = PBXFileReference; fileEncoding = 4; lastKnownFileType = sourcecode.swift; name = AddSessionTableViewController.swift; path = ../AddSessionTableViewController.swift; sourceTree = "<group>"; };
		BDE005FE1B93E3AB0037DE8C /* OneCourseTableViewController.swift */ = {isa = PBXFileReference; fileEncoding = 4; lastKnownFileType = sourcecode.swift; path = OneCourseTableViewController.swift; sourceTree = "<group>"; };
		BDE006001B93EA0F0037DE8C /* Section.swift */ = {isa = PBXFileReference; fileEncoding = 4; lastKnownFileType = sourcecode.swift; path = Section.swift; sourceTree = "<group>"; };
		BDE006021B9450770037DE8C /* AddSectionTableViewController.swift */ = {isa = PBXFileReference; fileEncoding = 4; lastKnownFileType = sourcecode.swift; path = AddSectionTableViewController.swift; sourceTree = "<group>"; };
		BDE006041B9456D00037DE8C /* OneSectionTableViewController.swift */ = {isa = PBXFileReference; fileEncoding = 4; lastKnownFileType = sourcecode.swift; path = OneSectionTableViewController.swift; sourceTree = "<group>"; };
		BDE006061B945F380037DE8C /* Period.swift */ = {isa = PBXFileReference; fileEncoding = 4; lastKnownFileType = sourcecode.swift; path = Period.swift; sourceTree = "<group>"; };
		BDE006681B9487CF0037DE8C /* AddPeriodViewController.swift */ = {isa = PBXFileReference; fileEncoding = 4; lastKnownFileType = sourcecode.swift; path = AddPeriodViewController.swift; sourceTree = "<group>"; };
		BDE006781B94B13D0037DE8C /* timetable.swift */ = {isa = PBXFileReference; fileEncoding = 4; lastKnownFileType = sourcecode.swift; path = timetable.swift; sourceTree = "<group>"; };
/* End PBXFileReference section */

/* Begin PBXFrameworksBuildPhase section */
		BD60319B1B9355BE004EDF26 /* Frameworks */ = {
			isa = PBXFrameworksBuildPhase;
			buildActionMask = 2147483647;
			files = (
			);
			runOnlyForDeploymentPostprocessing = 0;
		};
		BD6031B01B9355BE004EDF26 /* Frameworks */ = {
			isa = PBXFrameworksBuildPhase;
			buildActionMask = 2147483647;
			files = (
			);
			runOnlyForDeploymentPostprocessing = 0;
		};
/* End PBXFrameworksBuildPhase section */

/* Begin PBXGroup section */
		BD6031951B9355BE004EDF26 = {
			isa = PBXGroup;
			children = (
				BD6031A01B9355BE004EDF26 /* Course Planner */,
				BD6031B61B9355BE004EDF26 /* Course PlannerTests */,
				BD60319F1B9355BE004EDF26 /* Products */,
			);
			sourceTree = "<group>";
		};
		BD60319F1B9355BE004EDF26 /* Products */ = {
			isa = PBXGroup;
			children = (
				BD60319E1B9355BE004EDF26 /* Course Planner.app */,
				BD6031B31B9355BE004EDF26 /* Course PlannerTests.xctest */,
			);
			name = Products;
			sourceTree = "<group>";
		};
		BD6031A01B9355BE004EDF26 /* Course Planner */ = {
			isa = PBXGroup;
			children = (
				BD6031A31B9355BE004EDF26 /* AppDelegate.swift */,
				BD6031A71B9355BE004EDF26 /* Main.storyboard */,
				BD6031A51B9355BE004EDF26 /* AllSessionsTableViewController.swift */,
				BDB1F5961B9393A5009EDA7C /* AddSessionTableViewController.swift */,
				BD6031AA1B9355BE004EDF26 /* Images.xcassets */,
				BD6031AC1B9355BE004EDF26 /* LaunchScreen.xib */,
				BD6031A11B9355BE004EDF26 /* Supporting Files */,
				BD6031C71B938CC5004EDF26 /* Daramodel.swift */,
				BD6909701B93AD2400512A6E /* Course.swift */,
				BD6909741B93B88300512A6E /* AddCourseTableViewController.swift */,
				BDE005FE1B93E3AB0037DE8C /* OneCourseTableViewController.swift */,
				BDE006001B93EA0F0037DE8C /* Section.swift */,
				BDE006021B9450770037DE8C /* AddSectionTableViewController.swift */,
				BDE006041B9456D00037DE8C /* OneSectionTableViewController.swift */,
				BDE006061B945F380037DE8C /* Period.swift */,
				BDE006681B9487CF0037DE8C /* AddPeriodViewController.swift */,
				BD6031C51B938BC3004EDF26 /* Session.swift */,
				BD6909721B93B03100512A6E /* OneSessionTableViewController.swift */,
				BDE006781B94B13D0037DE8C /* timetable.swift */,
				BD8BFAC61B95EB3200868B4A /* TimetableTableViewController.swift */,
				BDACAD8E1BA88BD100884BC5 /* HPxml.swift */,
			);
			path = "Course Planner";
			sourceTree = "<group>";
		};
		BD6031A11B9355BE004EDF26 /* Supporting Files */ = {
			isa = PBXGroup;
			children = (
				BD6031A21B9355BE004EDF26 /* Info.plist */,
			);
			name = "Supporting Files";
			sourceTree = "<group>";
		};
		BD6031B61B9355BE004EDF26 /* Course PlannerTests */ = {
			isa = PBXGroup;
			children = (
				BD6031B91B9355BE004EDF26 /* Course_PlannerTests.swift */,
				BD6031B71B9355BE004EDF26 /* Supporting Files */,
			);
			path = "Course PlannerTests";
			sourceTree = "<group>";
		};
		BD6031B71B9355BE004EDF26 /* Supporting Files */ = {
			isa = PBXGroup;
			children = (
				BD6031B81B9355BE004EDF26 /* Info.plist */,
			);
			name = "Supporting Files";
			sourceTree = "<group>";
		};
/* End PBXGroup section */

/* Begin PBXNativeTarget section */
		BD60319D1B9355BE004EDF26 /* Course Planner */ = {
			isa = PBXNativeTarget;
			buildConfigurationList = BD6031BD1B9355BE004EDF26 /* Build configuration list for PBXNativeTarget "Course Planner" */;
			buildPhases = (
				BD60319A1B9355BE004EDF26 /* Sources */,
				BD60319B1B9355BE004EDF26 /* Frameworks */,
				BD60319C1B9355BE004EDF26 /* Resources */,
			);
			buildRules = (
			);
			dependencies = (
			);
			name = "Course Planner";
			productName = "Course Planner";
			productReference = BD60319E1B9355BE004EDF26 /* Course Planner.app */;
			productType = "com.apple.product-type.application";
		};
		BD6031B21B9355BE004EDF26 /* Course PlannerTests */ = {
			isa = PBXNativeTarget;
			buildConfigurationList = BD6031C01B9355BE004EDF26 /* Build configuration list for PBXNativeTarget "Course PlannerTests" */;
			buildPhases = (
				BD6031AF1B9355BE004EDF26 /* Sources */,
				BD6031B01B9355BE004EDF26 /* Frameworks */,
				BD6031B11B9355BE004EDF26 /* Resources */,
			);
			buildRules = (
			);
			dependencies = (
				BD6031B51B9355BE004EDF26 /* PBXTargetDependency */,
			);
			name = "Course PlannerTests";
			productName = "Course PlannerTests";
			productReference = BD6031B31B9355BE004EDF26 /* Course PlannerTests.xctest */;
			productType = "com.apple.product-type.bundle.unit-test";
		};
/* End PBXNativeTarget section */

/* Begin PBXProject section */
		BD6031961B9355BE004EDF26 /* Project object */ = {
			isa = PBXProject;
			attributes = {
				LastSwiftMigration = 0700;
				LastSwiftUpdateCheck = 0700;
				LastUpgradeCheck = 0700;
				ORGANIZATIONNAME = "Peng Haoke";
				TargetAttributes = {
					BD60319D1B9355BE004EDF26 = {
						CreatedOnToolsVersion = 6.4;
						DevelopmentTeam = 3SQV37C5BU;
					};
					BD6031B21B9355BE004EDF26 = {
						CreatedOnToolsVersion = 6.4;
						TestTargetID = BD60319D1B9355BE004EDF26;
					};
				};
			};
			buildConfigurationList = BD6031991B9355BE004EDF26 /* Build configuration list for PBXProject "Course Planner" */;
			compatibilityVersion = "Xcode 3.2";
			developmentRegion = English;
			hasScannedForEncodings = 0;
			knownRegions = (
				en,
				Base,
			);
			mainGroup = BD6031951B9355BE004EDF26;
			productRefGroup = BD60319F1B9355BE004EDF26 /* Products */;
			projectDirPath = "";
			projectRoot = "";
			targets = (
				BD60319D1B9355BE004EDF26 /* Course Planner */,
				BD6031B21B9355BE004EDF26 /* Course PlannerTests */,
			);
		};
/* End PBXProject section */

/* Begin PBXResourcesBuildPhase section */
		BD60319C1B9355BE004EDF26 /* Resources */ = {
			isa = PBXResourcesBuildPhase;
			buildActionMask = 2147483647;
			files = (
				BD6031A91B9355BE004EDF26 /* Main.storyboard in Resources */,
				BD6031AE1B9355BE004EDF26 /* LaunchScreen.xib in Resources */,
				BD6031AB1B9355BE004EDF26 /* Images.xcassets in Resources */,
			);
			runOnlyForDeploymentPostprocessing = 0;
		};
		BD6031B11B9355BE004EDF26 /* Resources */ = {
			isa = PBXResourcesBuildPhase;
			buildActionMask = 2147483647;
			files = (
			);
			runOnlyForDeploymentPostprocessing = 0;
		};
/* End PBXResourcesBuildPhase section */

/* Begin PBXSourcesBuildPhase section */
		BD60319A1B9355BE004EDF26 /* Sources */ = {
			isa = PBXSourcesBuildPhase;
			buildActionMask = 2147483647;
			files = (
				BDE006051B9456D00037DE8C /* OneSectionTableViewController.swift in Sources */,
				BD6909731B93B03100512A6E /* OneSessionTableViewController.swift in Sources */,
				BD6909711B93AD2400512A6E /* Course.swift in Sources */,
				BD6031A61B9355BE004EDF26 /* AllSessionsTableViewController.swift in Sources */,
				BDACAD8F1BA88BD100884BC5 /* HPxml.swift in Sources */,
				BDB1F5971B9393A5009EDA7C /* AddSessionTableViewController.swift in Sources */,
				BD6031A41B9355BE004EDF26 /* AppDelegate.swift in Sources */,
				BDE006011B93EA0F0037DE8C /* Section.swift in Sources */,
				BD8BFAC71B95EB3200868B4A /* TimetableTableViewController.swift in Sources */,
				BDE006691B9487CF0037DE8C /* AddPeriodViewController.swift in Sources */,
				BD6031C61B938BC3004EDF26 /* Session.swift in Sources */,
				BD6909751B93B88300512A6E /* AddCourseTableViewController.swift in Sources */,
				BD6031C81B938CC5004EDF26 /* Daramodel.swift in Sources */,
				BDE006071B945F380037DE8C /* Period.swift in Sources */,
				BDE006031B9450770037DE8C /* AddSectionTableViewController.swift in Sources */,
				BDE005FF1B93E3AB0037DE8C /* OneCourseTableViewController.swift in Sources */,
				BDE006791B94B13D0037DE8C /* timetable.swift in Sources */,
			);
			runOnlyForDeploymentPostprocessing = 0;
		};
		BD6031AF1B9355BE004EDF26 /* Sources */ = {
			isa = PBXSourcesBuildPhase;
			buildActionMask = 2147483647;
			files = (
				BDE0066A1B94895B0037DE8C /* AppDelegate.swift in Sources */,
				BDE0067A1B94C5E70037DE8C /* timetable.swift in Sources */,
				BD8BFAC81B95EB3200868B4A /* TimetableTableViewController.swift in Sources */,
				BDE006731B948B960037DE8C /* Course.swift in Sources */,
				BDE006771B948BA10037DE8C /* AllSessionsTableViewController.swift in Sources */,
				BDE0066D1B948B860037DE8C /* OneSectionTableViewController.swift in Sources */,
				BDE0066B1B948AF90037DE8C /* AddPeriodViewController.swift in Sources */,
				BDACAD901BA88BD100884BC5 /* HPxml.swift in Sources */,
				BDE006721B948B930037DE8C /* OneSessionTableViewController.swift in Sources */,
				BDE006701B948B8E0037DE8C /* OneCourseTableViewController.swift in Sources */,
				BDE006761B948B9E0037DE8C /* AddSessionTableViewController.swift in Sources */,
				BDE0066F1B948B8C0037DE8C /* Section.swift in Sources */,
				BDE0066E1B948B890037DE8C /* AddSectionTableViewController.swift in Sources */,
				BDE006741B948B980037DE8C /* Session.swift in Sources */,
				BDE006751B948B9B0037DE8C /* Daramodel.swift in Sources */,
				BDE0066C1B948B830037DE8C /* Period.swift in Sources */,
				BD6031BA1B9355BE004EDF26 /* Course_PlannerTests.swift in Sources */,
				BDE006711B948B900037DE8C /* AddCourseTableViewController.swift in Sources */,
			);
			runOnlyForDeploymentPostprocessing = 0;
		};
/* End PBXSourcesBuildPhase section */

/* Begin PBXTargetDependency section */
		BD6031B51B9355BE004EDF26 /* PBXTargetDependency */ = {
			isa = PBXTargetDependency;
			target = BD60319D1B9355BE004EDF26 /* Course Planner */;
			targetProxy = BD6031B41B9355BE004EDF26 /* PBXContainerItemProxy */;
		};
/* End PBXTargetDependency section */

/* Begin PBXVariantGroup section */
		BD6031A71B9355BE004EDF26 /* Main.storyboard */ = {
			isa = PBXVariantGroup;
			children = (
				BD6031A81B9355BE004EDF26 /* Base */,
			);
			name = Main.storyboard;
			sourceTree = "<group>";
		};
		BD6031AC1B9355BE004EDF26 /* LaunchScreen.xib */ = {
			isa = PBXVariantGroup;
			children = (
				BD6031AD1B9355BE004EDF26 /* Base */,
			);
			name = LaunchScreen.xib;
			sourceTree = "<group>";
		};
/* End PBXVariantGroup section */

/* Begin XCBuildConfiguration section */
		BD6031BB1B9355BE004EDF26 /* Debug */ = {
			isa = XCBuildConfiguration;
			buildSettings = {
				ALWAYS_SEARCH_USER_PATHS = NO;
				CLANG_CXX_LANGUAGE_STANDARD = "gnu++0x";
				CLANG_CXX_LIBRARY = "libc++";
				CLANG_ENABLE_MODULES = YES;
				CLANG_ENABLE_OBJC_ARC = YES;
				CLANG_WARN_BOOL_CONVERSION = YES;
				CLANG_WARN_CONSTANT_CONVERSION = YES;
				CLANG_WARN_DIRECT_OBJC_ISA_USAGE = YES_ERROR;
				CLANG_WARN_EMPTY_BODY = YES;
				CLANG_WARN_ENUM_CONVERSION = YES;
				CLANG_WARN_INT_CONVERSION = YES;
				CLANG_WARN_OBJC_ROOT_CLASS = YES_ERROR;
				CLANG_WARN_UNREACHABLE_CODE = YES;
				CLANG_WARN__DUPLICATE_METHOD_MATCH = YES;
				"CODE_SIGN_IDENTITY[sdk=iphoneos*]" = "iPhone Developer";
				COPY_PHASE_STRIP = NO;
				DEBUG_INFORMATION_FORMAT = "dwarf-with-dsym";
				ENABLE_STRICT_OBJC_MSGSEND = YES;
				ENABLE_TESTABILITY = YES;
				GCC_C_LANGUAGE_STANDARD = gnu99;
				GCC_DYNAMIC_NO_PIC = NO;
				GCC_NO_COMMON_BLOCKS = YES;
				GCC_OPTIMIZATION_LEVEL = 0;
				GCC_PREPROCESSOR_DEFINITIONS = (
					"DEBUG=1",
					"$(inherited)",
				);
				GCC_SYMBOLS_PRIVATE_EXTERN = NO;
				GCC_WARN_64_TO_32_BIT_CONVERSION = YES;
				GCC_WARN_ABOUT_RETURN_TYPE = YES_ERROR;
				GCC_WARN_UNDECLARED_SELECTOR = YES;
				GCC_WARN_UNINITIALIZED_AUTOS = YES_AGGRESSIVE;
				GCC_WARN_UNUSED_FUNCTION = YES;
				GCC_WARN_UNUSED_VARIABLE = YES;
				IPHONEOS_DEPLOYMENT_TARGET = 8.0;
				MTL_ENABLE_DEBUG_INFO = YES;
				ONLY_ACTIVE_ARCH = YES;
				SDKROOT = iphoneos;
				SWIFT_OPTIMIZATION_LEVEL = "-Onone";
			};
			name = Debug;
		};
		BD6031BC1B9355BE004EDF26 /* Release */ = {
			isa = XCBuildConfiguration;
			buildSettings = {
				ALWAYS_SEARCH_USER_PATHS = NO;
				CLANG_CXX_LANGUAGE_STANDARD = "gnu++0x";
				CLANG_CXX_LIBRARY = "libc++";
				CLANG_ENABLE_MODULES = YES;
				CLANG_ENABLE_OBJC_ARC = YES;
				CLANG_WARN_BOOL_CONVERSION = YES;
				CLANG_WARN_CONSTANT_CONVERSION = YES;
				CLANG_WARN_DIRECT_OBJC_ISA_USAGE = YES_ERROR;
				CLANG_WARN_EMPTY_BODY = YES;
				CLANG_WARN_ENUM_CONVERSION = YES;
				CLANG_WARN_INT_CONVERSION = YES;
				CLANG_WARN_OBJC_ROOT_CLASS = YES_ERROR;
				CLANG_WARN_UNREACHABLE_CODE = YES;
				CLANG_WARN__DUPLICATE_METHOD_MATCH = YES;
				"CODE_SIGN_IDENTITY[sdk=iphoneos*]" = "iPhone Developer";
				COPY_PHASE_STRIP = NO;
				DEBUG_INFORMATION_FORMAT = "dwarf-with-dsym";
				ENABLE_NS_ASSERTIONS = NO;
				ENABLE_STRICT_OBJC_MSGSEND = YES;
				GCC_C_LANGUAGE_STANDARD = gnu99;
				GCC_NO_COMMON_BLOCKS = YES;
				GCC_WARN_64_TO_32_BIT_CONVERSION = YES;
				GCC_WARN_ABOUT_RETURN_TYPE = YES_ERROR;
				GCC_WARN_UNDECLARED_SELECTOR = YES;
				GCC_WARN_UNINITIALIZED_AUTOS = YES_AGGRESSIVE;
				GCC_WARN_UNUSED_FUNCTION = YES;
				GCC_WARN_UNUSED_VARIABLE = YES;
				IPHONEOS_DEPLOYMENT_TARGET = 8.0;
				MTL_ENABLE_DEBUG_INFO = NO;
				ONLY_ACTIVE_ARCH = YES;
				SDKROOT = iphoneos;
				VALIDATE_PRODUCT = YES;
			};
			name = Release;
		};
		BD6031BE1B9355BE004EDF26 /* Debug */ = {
			isa = XCBuildConfiguration;
			buildSettings = {
				ASSETCATALOG_COMPILER_APPICON_NAME = AppIcon;
				CODE_SIGN_IDENTITY = "iPhone Developer";
				"CODE_SIGN_IDENTITY[sdk=iphoneos*]" = "iPhone Developer";
				INFOPLIST_FILE = "Course Planner/Info.plist";
				IPHONEOS_DEPLOYMENT_TARGET = 8.0;
				LD_RUNPATH_SEARCH_PATHS = "$(inherited) @executable_path/Frameworks";
				PRODUCT_BUNDLE_IDENTIFIER = "com.penghaoke.$(PRODUCT_NAME:rfc1034identifier)";
				PRODUCT_NAME = "$(TARGET_NAME)";
				PROVISIONING_PROFILE = "";
			};
			name = Debug;
		};
		BD6031BF1B9355BE004EDF26 /* Release */ = {
			isa = XCBuildConfiguration;
			buildSettings = {
				ASSETCATALOG_COMPILER_APPICON_NAME = AppIcon;
				CODE_SIGN_IDENTITY = "iPhone Developer";
				"CODE_SIGN_IDENTITY[sdk=iphoneos*]" = "iPhone Developer";
				INFOPLIST_FILE = "Course Planner/Info.plist";
				IPHONEOS_DEPLOYMENT_TARGET = 8.0;
				LD_RUNPATH_SEARCH_PATHS = "$(inherited) @executable_path/Frameworks";
				PRODUCT_BUNDLE_IDENTIFIER = "com.penghaoke.$(PRODUCT_NAME:rfc1034identifier)";
				PRODUCT_NAME = "$(TARGET_NAME)";
				PROVISIONING_PROFILE = "";
			};
			name = Release;
		};
		BD6031C11B9355BE004EDF26 /* Debug */ = {
			isa = XCBuildConfiguration;
			buildSettings = {
				BUNDLE_LOADER = "$(TEST_HOST)";
				FRAMEWORK_SEARCH_PATHS = (
					"$(SDKROOT)/Developer/Library/Frameworks",
					"$(inherited)",
				);
				GCC_PREPROCESSOR_DEFINITIONS = (
					"DEBUG=1",
					"$(inherited)",
				);
				INFOPLIST_FILE = "Course PlannerTests/Info.plist";
				LD_RUNPATH_SEARCH_PATHS = "$(inherited) @executable_path/Frameworks @loader_path/Frameworks";
				PRODUCT_BUNDLE_IDENTIFIER = "com.penghaoke.$(PRODUCT_NAME:rfc1034identifier)";
				PRODUCT_NAME = "$(TARGET_NAME)";
				TEST_HOST = "$(BUILT_PRODUCTS_DIR)/Course Planner.app/Course Planner";
			};
			name = Debug;
		};
		BD6031C21B9355BE004EDF26 /* Release */ = {
			isa = XCBuildConfiguration;
			buildSettings = {
				BUNDLE_LOADER = "$(TEST_HOST)";
				FRAMEWORK_SEARCH_PATHS = (
					"$(SDKROOT)/Developer/Library/Frameworks",
					"$(inherited)",
				);
				INFOPLIST_FILE = "Course PlannerTests/Info.plist";
				LD_RUNPATH_SEARCH_PATHS = "$(inherited) @executable_path/Frameworks @loader_path/Frameworks";
				PRODUCT_BUNDLE_IDENTIFIER = "com.penghaoke.$(PRODUCT_NAME:rfc1034identifier)";
				PRODUCT_NAME = "$(TARGET_NAME)";
				TEST_HOST = "$(BUILT_PRODUCTS_DIR)/Course Planner.app/Course Planner";
			};
			name = Release;
		};
/* End XCBuildConfiguration section */

/* Begin XCConfigurationList section */
		BD6031991B9355BE004EDF26 /* Build configuration list for PBXProject "Course Planner" */ = {
			isa = XCConfigurationList;
			buildConfigurations = (
				BD6031BB1B9355BE004EDF26 /* Debug */,
				BD6031BC1B9355BE004EDF26 /* Release */,
			);
			defaultConfigurationIsVisible = 0;
			defaultConfigurationName = Release;
		};
		BD6031BD1B9355BE004EDF26 /* Build configuration list for PBXNativeTarget "Course Planner" */ = {
			isa = XCConfigurationList;
			buildConfigurations = (
				BD6031BE1B9355BE004EDF26 /* Debug */,
				BD6031BF1B9355BE004EDF26 /* Release */,
			);
			defaultConfigurationIsVisible = 0;
			defaultConfigurationName = Release;
		};
		BD6031C01B9355BE004EDF26 /* Build configuration list for PBXNativeTarget "Course PlannerTests" */ = {
			isa = XCConfigurationList;
			buildConfigurations = (
				BD6031C11B9355BE004EDF26 /* Debug */,
				BD6031C21B9355BE004EDF26 /* Release */,
			);
			defaultConfigurationIsVisible = 0;
			defaultConfigurationName = Release;
		};
/* End XCConfigurationList section */
	};
	rootObject = BD6031961B9355BE004EDF26 /* Project object */;
}
